
Microsoft Visual Studio Solution File, Format Version 12.00
# Visual Studio Version 17
VisualStudioVersion = 17.0.31912.275
MinimumVisualStudioVersion = 10.0.40219.1
Project("{F184B08F-C81C-45F6-A57F-5ABD9991F28F}") = "Pongapong San Pablo Resident Information  System - (PSPRIS)", "Pongapong San Pablo Resident Information  System - (PSPRIS)\Pongapong San Pablo Resident Information  System - (PSPRIS).vbproj", "{B96B9D5A-832A-4187-A215-8981BF474251}"
EndProject
Global
	GlobalSection(SolutionConfigurationPlatforms) = preSolution
		Debug|Any CPU = Debug|Any CPU
		Release|Any CPU = Release|Any CPU
	EndGlobalSection
	GlobalSection(ProjectConfigurationPlatforms) = postSolution
		{B96B9D5A-832A-4187-A215-8981BF474251}.Debug|Any CPU.ActiveCfg = Debug|Any CPU
		{B96B9D5A-832A-4187-A215-8981BF474251}.Debug|Any CPU.Build.0 = Debug|Any CPU
		{B96B9D5A-832A-4187-A215-8981BF474251}.Release|Any CPU.ActiveCfg = Release|Any CPU
		{B96B9D5A-832A-4187-A215-8981BF474251}.Release|Any CPU.Build.0 = Release|Any CPU
	EndGlobalSection
	GlobalSection(SolutionProperties) = preSolution
		HideSolutionNode = FALSE
	EndGlobalSection
	GlobalSection(ExtensibilityGlobals) = postSolution
		SolutionGuid = {FD40BB7F-B542-433D-9B95-93494C017CAE}
	EndGlobalSection
EndGlobal
